
Microsoft Visual Studio Solution File, Format Version 12.00
# Visual Studio Version 17
VisualStudioVersion = 17.9.34902.65
MinimumVisualStudioVersion = 10.0.40219.1
Project("{FAE04EC0-301F-11D3-BF4B-00C04F79EFBC}") = "projet_synthese", "projet_synthese\projet_synthese.csproj", "{C2B0661F-DF3F-499A-85B3-D023B674DDF7}"
EndProject
Global
	GlobalSection(SolutionConfigurationPlatforms) = preSolution
		Debug|Any CPU = Debug|Any CPU
		Release|Any CPU = Release|Any CPU
	EndGlobalSection
	GlobalSection(ProjectConfigurationPlatforms) = postSolution
		{C2B0661F-DF3F-499A-85B3-D023B674DDF7}.Debug|Any CPU.ActiveCfg = Debug|Any CPU
		{C2B0661F-DF3F-499A-85B3-D023B674DDF7}.Debug|Any CPU.Build.0 = Debug|Any CPU
		{C2B0661F-DF3F-499A-85B3-D023B674DDF7}.Release|Any CPU.ActiveCfg = Release|Any CPU
		{C2B0661F-DF3F-499A-85B3-D023B674DDF7}.Release|Any CPU.Build.0 = Release|Any CPU
	EndGlobalSection
	GlobalSection(SolutionProperties) = preSolution
		HideSolutionNode = FALSE
	EndGlobalSection
	GlobalSection(ExtensibilityGlobals) = postSolution
		SolutionGuid = {13AF15B7-B4DC-4540-9A77-A8AA6751B253}
	EndGlobalSection
EndGlobal
